<Solution>
  <Folder Name="/src/">
    <Project Path="src/AudioCpp/AudioCpp.csproj" />
    <Project Path="src/AudioCpp.Bindings.Gui/AudioCpp.Bindings.Gui.csproj" />
    <Project Path="src/AudioCpp.Audio/AudioCpp.Audio.csproj" />
    <Project Path="src/AudioCpp.Packages/AudioCpp.Packages.csproj" />
    <Project Path="src/AudioCpp.Server/AudioCpp.Server.csproj" />
  </Folder>
  <Folder Name="/tests/">
    <Project Path="tests/AudioCpp.BindingCoverage/AudioCpp.BindingCoverage.csproj" />
    <Project Path="tests/AudioCpp.AudioTest/AudioCpp.AudioTest.csproj" />
    <Project Path="tests/AudioCpp.ModelTest/AudioCpp.ModelTest.csproj" />
    <Project Path="tests/AudioCpp.PackageTest/AudioCpp.PackageTest.csproj" />
    <Project Path="tests/AudioCpp.PathTest/AudioCpp.PathTest.csproj" />
    <Project Path="tests/AudioCpp.ServerTest/AudioCpp.ServerTest.csproj" />
  </Folder>
</Solution>
